
Microsoft Visual Studio Solution File, Format Version 12.00
# Visual Studio Version 17
VisualStudioVersion = 17.9.34622.214
MinimumVisualStudioVersion = 10.0.40219.1
Project("{FAE04EC0-301F-11D3-BF4B-00C04F79EFBC}") = "calculators", "calculators\calculators.csproj", "{248053C6-2654-47F7-AE10-DA72A3319081}"
EndProject
Global
	GlobalSection(SolutionConfigurationPlatforms) = preSolution
		Debug|Any CPU = Debug|Any CPU
		Release|Any CPU = Release|Any CPU
	EndGlobalSection
	GlobalSection(ProjectConfigurationPlatforms) = postSolution
		{248053C6-2654-47F7-AE10-DA72A3319081}.Debug|Any CPU.ActiveCfg = Debug|Any CPU
		{248053C6-2654-47F7-AE10-DA72A3319081}.Debug|Any CPU.Build.0 = Debug|Any CPU
		{248053C6-2654-47F7-AE10-DA72A3319081}.Release|Any CPU.ActiveCfg = Release|Any CPU
		{248053C6-2654-47F7-AE10-DA72A3319081}.Release|Any CPU.Build.0 = Release|Any CPU
	EndGlobalSection
	GlobalSection(SolutionProperties) = preSolution
		HideSolutionNode = FALSE
	EndGlobalSection
	GlobalSection(ExtensibilityGlobals) = postSolution
		SolutionGuid = {23BA1B3D-2B91-409A-B1DE-CB6CC2C2C9E3}
	EndGlobalSection
EndGlobal
